// !$*UTF8*$!
{
	archiveVersion = 1;
	classes = {
	};
	objectVersion = 55;
	objects = {

/* Begin PBXBuildFile section */
		55EA1A9A88F7EBCDF653BEC7 /* Pods_Messenger.framework in Frameworks */ = {isa = PBXBuildFile; fileRef = 4B615F2FBA3ED0F9BBC93534 /* Pods_Messenger.framework */; };
		EA01FE902938BA99003810C1 /* DatabaseManager.swift in Sources */ = {isa = PBXBuildFile; fileRef = EA01FE8F2938BA99003810C1 /* DatabaseManager.swift */; };
		EA01FE922938C073003810C1 /* ChatAppUser.swift in Sources */ = {isa = PBXBuildFile; fileRef = EA01FE912938C073003810C1 /* ChatAppUser.swift */; };
		EA07E5B829334C63006CD6DF /* AppDelegate.swift in Sources */ = {isa = PBXBuildFile; fileRef = EA07E5B729334C63006CD6DF /* AppDelegate.swift */; };
		EA07E5BA29334C63006CD6DF /* SceneDelegate.swift in Sources */ = {isa = PBXBuildFile; fileRef = EA07E5B929334C63006CD6DF /* SceneDelegate.swift */; };
		EA07E5BC29334C63006CD6DF /* ConversationsViewController.swift in Sources */ = {isa = PBXBuildFile; fileRef = EA07E5BB29334C63006CD6DF /* ConversationsViewController.swift */; };
		EA07E5BF29334C63006CD6DF /* Main.storyboard in Resources */ = {isa = PBXBuildFile; fileRef = EA07E5BD29334C63006CD6DF /* Main.storyboard */; };
		EA07E5C129334C64006CD6DF /* Assets.xcassets in Resources */ = {isa = PBXBuildFile; fileRef = EA07E5C029334C64006CD6DF /* Assets.xcassets */; };
		EA07E5C429334C64006CD6DF /* LaunchScreen.storyboard in Resources */ = {isa = PBXBuildFile; fileRef = EA07E5C229334C64006CD6DF /* LaunchScreen.storyboard */; };
		EA07E5D229334F24006CD6DF /* LoginViewController.swift in Sources */ = {isa = PBXBuildFile; fileRef = EA07E5D129334F24006CD6DF /* LoginViewController.swift */; };
		EA07E5D429334F2D006CD6DF /* RegisterViewController.swift in Sources */ = {isa = PBXBuildFile; fileRef = EA07E5D329334F2D006CD6DF /* RegisterViewController.swift */; };
		EA07E5D629334F36006CD6DF /* ProfileViewController.swift in Sources */ = {isa = PBXBuildFile; fileRef = EA07E5D529334F36006CD6DF /* ProfileViewController.swift */; };
		EA07E5D829334F51006CD6DF /* PhotoViewerViewController.swift in Sources */ = {isa = PBXBuildFile; fileRef = EA07E5D729334F50006CD6DF /* PhotoViewerViewController.swift */; };
		EA07E5DA29334F5D006CD6DF /* VideoPlayerViewController.swift in Sources */ = {isa = PBXBuildFile; fileRef = EA07E5D929334F5D006CD6DF /* VideoPlayerViewController.swift */; };
		EA07E5DC29334F6C006CD6DF /* NewConversationViewController.swift in Sources */ = {isa = PBXBuildFile; fileRef = EA07E5DB29334F6C006CD6DF /* NewConversationViewController.swift */; };
		EA07E5DF29376CFF006CD6DF /* Extensions.swift in Sources */ = {isa = PBXBuildFile; fileRef = EA07E5DE29376CFF006CD6DF /* Extensions.swift */; };
		EA07E5E129379014006CD6DF /* GoogleService-Info.plist in Resources */ = {isa = PBXBuildFile; fileRef = EA07E5E029379014006CD6DF /* GoogleService-Info.plist */; };
		EA4427FF2938D6CF003F9C1C /* TabBarViewController.swift in Sources */ = {isa = PBXBuildFile; fileRef = EA4427FE2938D6CF003F9C1C /* TabBarViewController.swift */; };
/* End PBXBuildFile section */

/* Begin PBXFileReference section */
		4B615F2FBA3ED0F9BBC93534 /* Pods_Messenger.framework */ = {isa = PBXFileReference; explicitFileType = wrapper.framework; includeInIndex = 0; path = Pods_Messenger.framework; sourceTree = BUILT_PRODUCTS_DIR; };
		A98848ED9F8329A91C37D45C /* Pods-Messenger.debug.xcconfig */ = {isa = PBXFileReference; includeInIndex = 1; lastKnownFileType = text.xcconfig; name = "Pods-Messenger.debug.xcconfig"; path = "Target Support Files/Pods-Messenger/Pods-Messenger.debug.xcconfig"; sourceTree = "<group>"; };
		EA01FE8F2938BA99003810C1 /* DatabaseManager.swift */ = {isa = PBXFileReference; lastKnownFileType = sourcecode.swift; path = DatabaseManager.swift; sourceTree = "<group>"; };
		EA01FE912938C073003810C1 /* ChatAppUser.swift */ = {isa = PBXFileReference; lastKnownFileType = sourcecode.swift; path = ChatAppUser.swift; sourceTree = "<group>"; };
		EA07E5B429334C63006CD6DF /* Messenger.app */ = {isa = PBXFileReference; explicitFileType = wrapper.application; includeInIndex = 0; path = Messenger.app; sourceTree = BUILT_PRODUCTS_DIR; };
		EA07E5B729334C63006CD6DF /* AppDelegate.swift */ = {isa = PBXFileReference; lastKnownFileType = sourcecode.swift; path = AppDelegate.swift; sourceTree = "<group>"; };
		EA07E5B929334C63006CD6DF /* SceneDelegate.swift */ = {isa = PBXFileReference; lastKnownFileType = sourcecode.swift; path = SceneDelegate.swift; sourceTree = "<group>"; };
		EA07E5BB29334C63006CD6DF /* ConversationsViewController.swift */ = {isa = PBXFileReference; lastKnownFileType = sourcecode.swift; path = ConversationsViewController.swift; sourceTree = "<group>"; };
		EA07E5BE29334C63006CD6DF /* Base */ = {isa = PBXFileReference; lastKnownFileType = file.storyboard; name = Base; path = Base.lproj/Main.storyboard; sourceTree = "<group>"; };
		EA07E5C029334C64006CD6DF /* Assets.xcassets */ = {isa = PBXFileReference; lastKnownFileType = folder.assetcatalog; path = Assets.xcassets; sourceTree = "<group>"; };
		EA07E5C329334C64006CD6DF /* Base */ = {isa = PBXFileReference; lastKnownFileType = file.storyboard; name = Base; path = Base.lproj/LaunchScreen.storyboard; sourceTree = "<group>"; };
		EA07E5C529334C64006CD6DF /* Info.plist */ = {isa = PBXFileReference; lastKnownFileType = text.plist.xml; path = Info.plist; sourceTree = "<group>"; };
		EA07E5D129334F24006CD6DF /* LoginViewController.swift */ = {isa = PBXFileReference; lastKnownFileType = sourcecode.swift; path = LoginViewController.swift; sourceTree = "<group>"; };
		EA07E5D329334F2D006CD6DF /* RegisterViewController.swift */ = {isa = PBXFileReference; lastKnownFileType = sourcecode.swift; path = RegisterViewController.swift; sourceTree = "<group>"; };
		EA07E5D529334F36006CD6DF /* ProfileViewController.swift */ = {isa = PBXFileReference; lastKnownFileType = sourcecode.swift; path = ProfileViewController.swift; sourceTree = "<group>"; };
		EA07E5D729334F50006CD6DF /* PhotoViewerViewController.swift */ = {isa = PBXFileReference; lastKnownFileType = sourcecode.swift; path = PhotoViewerViewController.swift; sourceTree = "<group>"; };
		EA07E5D929334F5D006CD6DF /* VideoPlayerViewController.swift */ = {isa = PBXFileReference; lastKnownFileType = sourcecode.swift; path = VideoPlayerViewController.swift; sourceTree = "<group>"; };
		EA07E5DB29334F6C006CD6DF /* NewConversationViewController.swift */ = {isa = PBXFileReference; lastKnownFileType = sourcecode.swift; path = NewConversationViewController.swift; sourceTree = "<group>"; };
		EA07E5DE29376CFF006CD6DF /* Extensions.swift */ = {isa = PBXFileReference; lastKnownFileType = sourcecode.swift; path = Extensions.swift; sourceTree = "<group>"; };
		EA07E5E029379014006CD6DF /* GoogleService-Info.plist */ = {isa = PBXFileReference; fileEncoding = 4; lastKnownFileType = text.plist.xml; path = "GoogleService-Info.plist"; sourceTree = "<group>"; };
		EA4427FE2938D6CF003F9C1C /* TabBarViewController.swift */ = {isa = PBXFileReference; lastKnownFileType = sourcecode.swift; path = TabBarViewController.swift; sourceTree = "<group>"; };
		EA4428002938E77C003F9C1C /* Messenger.entitlements */ = {isa = PBXFileReference; lastKnownFileType = text.plist.entitlements; path = Messenger.entitlements; sourceTree = "<group>"; };
		F5EC753ECE46E4B5CA8B274F /* Pods-Messenger.release.xcconfig */ = {isa = PBXFileReference; includeInIndex = 1; lastKnownFileType = text.xcconfig; name = "Pods-Messenger.release.xcconfig"; path = "Target Support Files/Pods-Messenger/Pods-Messenger.release.xcconfig"; sourceTree = "<group>"; };
/* End PBXFileReference section */

/* Begin PBXFrameworksBuildPhase section */
		EA07E5B129334C63006CD6DF /* Frameworks */ = {
			isa = PBXFrameworksBuildPhase;
			buildActionMask = 2147483647;
			files = (
				55EA1A9A88F7EBCDF653BEC7 /* Pods_Messenger.framework in Frameworks */,
			);
			runOnlyForDeploymentPostprocessing = 0;
		};
/* End PBXFrameworksBuildPhase section */

/* Begin PBXGroup section */
		A566E6D5FE6C2CCAD0E89FE7 /* Pods */ = {
			isa = PBXGroup;
			children = (
				A98848ED9F8329A91C37D45C /* Pods-Messenger.debug.xcconfig */,
				F5EC753ECE46E4B5CA8B274F /* Pods-Messenger.release.xcconfig */,
			);
			path = Pods;
			sourceTree = "<group>";
		};
		EA07E5AB29334C63006CD6DF = {
			isa = PBXGroup;
			children = (
				EA07E5B629334C63006CD6DF /* Messenger */,
				EA07E5B529334C63006CD6DF /* Products */,
				A566E6D5FE6C2CCAD0E89FE7 /* Pods */,
				F8EE3892E1C6CF01FBD03C69 /* Frameworks */,
			);
			sourceTree = "<group>";
		};
		EA07E5B529334C63006CD6DF /* Products */ = {
			isa = PBXGroup;
			children = (
				EA07E5B429334C63006CD6DF /* Messenger.app */,
			);
			name = Products;
			sourceTree = "<group>";
		};
		EA07E5B629334C63006CD6DF /* Messenger */ = {
			isa = PBXGroup;
			children = (
				EA4428002938E77C003F9C1C /* Messenger.entitlements */,
				EA07E5CF29334C8A006CD6DF /* Resources */,
				EA07E5CE29334C73006CD6DF /* ViewModels */,
				EA07E5CD29334C72006CD6DF /* Models */,
				EA07E5CC29334C71006CD6DF /* Views */,
				EA07E5CB29334C6B006CD6DF /* Controllers */,
				EA07E5C529334C64006CD6DF /* Info.plist */,
				EA07E5E029379014006CD6DF /* GoogleService-Info.plist */,
			);
			path = Messenger;
			sourceTree = "<group>";
		};
		EA07E5CB29334C6B006CD6DF /* Controllers */ = {
			isa = PBXGroup;
			children = (
				EA07E5DD2933954E006CD6DF /* Login */,
				EA07E5BB29334C63006CD6DF /* ConversationsViewController.swift */,
				EA07E5D529334F36006CD6DF /* ProfileViewController.swift */,
				EA07E5D729334F50006CD6DF /* PhotoViewerViewController.swift */,
				EA07E5D929334F5D006CD6DF /* VideoPlayerViewController.swift */,
				EA07E5DB29334F6C006CD6DF /* NewConversationViewController.swift */,
				EA4427FE2938D6CF003F9C1C /* TabBarViewController.swift */,
			);
			path = Controllers;
			sourceTree = "<group>";
		};
		EA07E5CC29334C71006CD6DF /* Views */ = {
			isa = PBXGroup;
			children = (
				EA07E5D029334CA2006CD6DF /* Storyboards */,
				EA07E5C029334C64006CD6DF /* Assets.xcassets */,
			);
			path = Views;
			sourceTree = "<group>";
		};
		EA07E5CD29334C72006CD6DF /* Models */ = {
			isa = PBXGroup;
			children = (
				EA01FE912938C073003810C1 /* ChatAppUser.swift */,
			);
			path = Models;
			sourceTree = "<group>";
		};
		EA07E5CE29334C73006CD6DF /* ViewModels */ = {
			isa = PBXGroup;
			children = (
			);
			path = ViewModels;
			sourceTree = "<group>";
		};
		EA07E5CF29334C8A006CD6DF /* Resources */ = {
			isa = PBXGroup;
			children = (
				EA07E5B729334C63006CD6DF /* AppDelegate.swift */,
				EA07E5B929334C63006CD6DF /* SceneDelegate.swift */,
				EA07E5DE29376CFF006CD6DF /* Extensions.swift */,
				EA01FE8F2938BA99003810C1 /* DatabaseManager.swift */,
			);
			path = Resources;
			sourceTree = "<group>";
		};
		EA07E5D029334CA2006CD6DF /* Storyboards */ = {
			isa = PBXGroup;
			children = (
				EA07E5BD29334C63006CD6DF /* Main.storyboard */,
				EA07E5C229334C64006CD6DF /* LaunchScreen.storyboard */,
			);
			path = Storyboards;
			sourceTree = "<group>";
		};
		EA07E5DD2933954E006CD6DF /* Login */ = {
			isa = PBXGroup;
			children = (
				EA07E5D129334F24006CD6DF /* LoginViewController.swift */,
				EA07E5D329334F2D006CD6DF /* RegisterViewController.swift */,
			);
			path = Login;
			sourceTree = "<group>";
		};
		F8EE3892E1C6CF01FBD03C69 /* Frameworks */ = {
			isa = PBXGroup;
			children = (
				4B615F2FBA3ED0F9BBC93534 /* Pods_Messenger.framework */,
			);
			name = Frameworks;
			sourceTree = "<group>";
		};
/* End PBXGroup section */

/* Begin PBXNativeTarget section */
		EA07E5B329334C63006CD6DF /* Messenger */ = {
			isa = PBXNativeTarget;
			buildConfigurationList = EA07E5C829334C64006CD6DF /* Build configuration list for PBXNativeTarget "Messenger" */;
			buildPhases = (
				775BB9E7C41DE78D9FA23271 /* [CP] Check Pods Manifest.lock */,
				EA07E5B029334C63006CD6DF /* Sources */,
				EA07E5B129334C63006CD6DF /* Frameworks */,
				EA07E5B229334C63006CD6DF /* Resources */,
				0D388D217EE4CB0C3DEA4111 /* [CP] Embed Pods Frameworks */,
			);
			buildRules = (
			);
			dependencies = (
			);
			name = Messenger;
			productName = Messenger;
			productReference = EA07E5B429334C63006CD6DF /* Messenger.app */;
			productType = "com.apple.product-type.application";
		};
/* End PBXNativeTarget section */

/* Begin PBXProject section */
		EA07E5AC29334C63006CD6DF /* Project object */ = {
			isa = PBXProject;
			attributes = {
				BuildIndependentTargetsInParallel = 1;
				LastSwiftUpdateCheck = 1320;
				LastUpgradeCheck = 1320;
				TargetAttributes = {
					EA07E5B329334C63006CD6DF = {
						CreatedOnToolsVersion = 13.2.1;
					};
				};
			};
			buildConfigurationList = EA07E5AF29334C63006CD6DF /* Build configuration list for PBXProject "Messenger" */;
			compatibilityVersion = "Xcode 13.0";
			developmentRegion = en;
			hasScannedForEncodings = 0;
			knownRegions = (
				en,
				Base,
			);
			mainGroup = EA07E5AB29334C63006CD6DF;
			productRefGroup = EA07E5B529334C63006CD6DF /* Products */;
			projectDirPath = "";
			projectRoot = "";
			targets = (
				EA07E5B329334C63006CD6DF /* Messenger */,
			);
		};
/* End PBXProject section */

/* Begin PBXResourcesBuildPhase section */
		EA07E5B229334C63006CD6DF /* Resources */ = {
			isa = PBXResourcesBuildPhase;
			buildActionMask = 2147483647;
			files = (
				EA07E5C429334C64006CD6DF /* LaunchScreen.storyboard in Resources */,
				EA07E5E129379014006CD6DF /* GoogleService-Info.plist in Resources */,
				EA07E5C129334C64006CD6DF /* Assets.xcassets in Resources */,
				EA07E5BF29334C63006CD6DF /* Main.storyboard in Resources */,
			);
			runOnlyForDeploymentPostprocessing = 0;
		};
/* End PBXResourcesBuildPhase section */

/* Begin PBXShellScriptBuildPhase section */
		0D388D217EE4CB0C3DEA4111 /* [CP] Embed Pods Frameworks */ = {
			isa = PBXShellScriptBuildPhase;
			buildActionMask = 2147483647;
			files = (
			);
			inputFileListPaths = (
				"${PODS_ROOT}/Target Support Files/Pods-Messenger/Pods-Messenger-frameworks-${CONFIGURATION}-input-files.xcfilelist",
			);
			name = "[CP] Embed Pods Frameworks";
			outputFileListPaths = (
				"${PODS_ROOT}/Target Support Files/Pods-Messenger/Pods-Messenger-frameworks-${CONFIGURATION}-output-files.xcfilelist",
			);
			runOnlyForDeploymentPostprocessing = 0;
			shellPath = /bin/sh;
			shellScript = "\"${PODS_ROOT}/Target Support Files/Pods-Messenger/Pods-Messenger-frameworks.sh\"\n";
			showEnvVarsInLog = 0;
		};
		775BB9E7C41DE78D9FA23271 /* [CP] Check Pods Manifest.lock */ = {
			isa = PBXShellScriptBuildPhase;
			buildActionMask = 2147483647;
			files = (
			);
			inputFileListPaths = (
			);
			inputPaths = (
				"${PODS_PODFILE_DIR_PATH}/Podfile.lock",
				"${PODS_ROOT}/Manifest.lock",
			);
			name = "[CP] Check Pods Manifest.lock";
			outputFileListPaths = (
			);
			outputPaths = (
				"$(DERIVED_FILE_DIR)/Pods-Messenger-checkManifestLockResult.txt",
			);
			runOnlyForDeploymentPostprocessing = 0;
			shellPath = /bin/sh;
			shellScript = "diff \"${PODS_PODFILE_DIR_PATH}/Podfile.lock\" \"${PODS_ROOT}/Manifest.lock\" > /dev/null\nif [ $? != 0 ] ; then\n    # print error to STDERR\n    echo \"error: The sandbox is not in sync with the Podfile.lock. Run 'pod install' or update your CocoaPods installation.\" >&2\n    exit 1\nfi\n# This output is used by Xcode 'outputs' to avoid re-running this script phase.\necho \"SUCCESS\" > \"${SCRIPT_OUTPUT_FILE_0}\"\n";
			showEnvVarsInLog = 0;
		};
/* End PBXShellScriptBuildPhase section */

/* Begin PBXSourcesBuildPhase section */
		EA07E5B029334C63006CD6DF /* Sources */ = {
			isa = PBXSourcesBuildPhase;
			buildActionMask = 2147483647;
			files = (
				EA07E5D629334F36006CD6DF /* ProfileViewController.swift in Sources */,
				EA01FE902938BA99003810C1 /* DatabaseManager.swift in Sources */,
				EA07E5D229334F24006CD6DF /* LoginViewController.swift in Sources */,
				EA07E5D429334F2D006CD6DF /* RegisterViewController.swift in Sources */,
				EA01FE922938C073003810C1 /* ChatAppUser.swift in Sources */,
				EA07E5D829334F51006CD6DF /* PhotoViewerViewController.swift in Sources */,
				EA07E5BC29334C63006CD6DF /* ConversationsViewController.swift in Sources */,
				EA07E5DF29376CFF006CD6DF /* Extensions.swift in Sources */,
				EA07E5DA29334F5D006CD6DF /* VideoPlayerViewController.swift in Sources */,
				EA07E5DC29334F6C006CD6DF /* NewConversationViewController.swift in Sources */,
				EA4427FF2938D6CF003F9C1C /* TabBarViewController.swift in Sources */,
				EA07E5B829334C63006CD6DF /* AppDelegate.swift in Sources */,
				EA07E5BA29334C63006CD6DF /* SceneDelegate.swift in Sources */,
			);
			runOnlyForDeploymentPostprocessing = 0;
		};
/* End PBXSourcesBuildPhase section */

/* Begin PBXVariantGroup section */
		EA07E5BD29334C63006CD6DF /* Main.storyboard */ = {
			isa = PBXVariantGroup;
			children = (
				EA07E5BE29334C63006CD6DF /* Base */,
			);
			name = Main.storyboard;
			sourceTree = "<group>";
		};
		EA07E5C229334C64006CD6DF /* LaunchScreen.storyboard */ = {
			isa = PBXVariantGroup;
			children = (
				EA07E5C329334C64006CD6DF /* Base */,
			);
			name = LaunchScreen.storyboard;
			sourceTree = "<group>";
		};
/* End PBXVariantGroup section */

/* Begin XCBuildConfiguration section */
		EA07E5C629334C64006CD6DF /* Debug */ = {
			isa = XCBuildConfiguration;
			buildSettings = {
				ALWAYS_SEARCH_USER_PATHS = NO;
				CLANG_ANALYZER_NONNULL = YES;
				CLANG_ANALYZER_NUMBER_OBJECT_CONVERSION = YES_AGGRESSIVE;
				CLANG_CXX_LANGUAGE_STANDARD = "gnu++17";
				CLANG_CXX_LIBRARY = "libc++";
				CLANG_ENABLE_MODULES = YES;
				CLANG_ENABLE_OBJC_ARC = YES;
				CLANG_ENABLE_OBJC_WEAK = YES;
				CLANG_WARN_BLOCK_CAPTURE_AUTORELEASING = YES;
				CLANG_WARN_BOOL_CONVERSION = YES;
				CLANG_WARN_COMMA = YES;
				CLANG_WARN_CONSTANT_CONVERSION = YES;
				CLANG_WARN_DEPRECATED_OBJC_IMPLEMENTATIONS = YES;
				CLANG_WARN_DIRECT_OBJC_ISA_USAGE = YES_ERROR;
				CLANG_WARN_DOCUMENTATION_COMMENTS = YES;
				CLANG_WARN_EMPTY_BODY = YES;
				CLANG_WARN_ENUM_CONVERSION = YES;
				CLANG_WARN_INFINITE_RECURSION = YES;
				CLANG_WARN_INT_CONVERSION = YES;
				CLANG_WARN_NON_LITERAL_NULL_CONVERSION = YES;
				CLANG_WARN_OBJC_IMPLICIT_RETAIN_SELF = YES;
				CLANG_WARN_OBJC_LITERAL_CONVERSION = YES;
				CLANG_WARN_OBJC_ROOT_CLASS = YES_ERROR;
				CLANG_WARN_QUOTED_INCLUDE_IN_FRAMEWORK_HEADER = YES;
				CLANG_WARN_RANGE_LOOP_ANALYSIS = YES;
				CLANG_WARN_STRICT_PROTOTYPES = YES;
				CLANG_WARN_SUSPICIOUS_MOVE = YES;
				CLANG_WARN_UNGUARDED_AVAILABILITY = YES_AGGRESSIVE;
				CLANG_WARN_UNREACHABLE_CODE = YES;
				CLANG_WARN__DUPLICATE_METHOD_MATCH = YES;
				COPY_PHASE_STRIP = NO;
				DEBUG_INFORMATION_FORMAT = dwarf;
				ENABLE_STRICT_OBJC_MSGSEND = YES;
				ENABLE_TESTABILITY = YES;
				GCC_C_LANGUAGE_STANDARD = gnu11;
				GCC_DYNAMIC_NO_PIC = NO;
				GCC_NO_COMMON_BLOCKS = YES;
				GCC_OPTIMIZATION_LEVEL = 0;
				GCC_PREPROCESSOR_DEFINITIONS = (
					"DEBUG=1",
					"$(inherited)",
				);
				GCC_WARN_64_TO_32_BIT_CONVERSION = YES;
				GCC_WARN_ABOUT_RETURN_TYPE = YES_ERROR;
				GCC_WARN_UNDECLARED_SELECTOR = YES;
				GCC_WARN_UNINITIALIZED_AUTOS = YES_AGGRESSIVE;
				GCC_WARN_UNUSED_FUNCTION = YES;
				GCC_WARN_UNUSED_VARIABLE = YES;
				IPHONEOS_DEPLOYMENT_TARGET = 15.2;
				MTL_ENABLE_DEBUG_INFO = INCLUDE_SOURCE;
				MTL_FAST_MATH = YES;
				ONLY_ACTIVE_ARCH = YES;
				SDKROOT = iphoneos;
				SWIFT_ACTIVE_COMPILATION_CONDITIONS = DEBUG;
				SWIFT_OPTIMIZATION_LEVEL = "-Onone";
			};
			name = Debug;
		};
		EA07E5C729334C64006CD6DF /* Release */ = {
			isa = XCBuildConfiguration;
			buildSettings = {
				ALWAYS_SEARCH_USER_PATHS = NO;
				CLANG_ANALYZER_NONNULL = YES;
				CLANG_ANALYZER_NUMBER_OBJECT_CONVERSION = YES_AGGRESSIVE;
				CLANG_CXX_LANGUAGE_STANDARD = "gnu++17";
				CLANG_CXX_LIBRARY = "libc++";
				CLANG_ENABLE_MODULES = YES;
				CLANG_ENABLE_OBJC_ARC = YES;
				CLANG_ENABLE_OBJC_WEAK = YES;
				CLANG_WARN_BLOCK_CAPTURE_AUTORELEASING = YES;
				CLANG_WARN_BOOL_CONVERSION = YES;
				CLANG_WARN_COMMA = YES;
				CLANG_WARN_CONSTANT_CONVERSION = YES;
				CLANG_WARN_DEPRECATED_OBJC_IMPLEMENTATIONS = YES;
				CLANG_WARN_DIRECT_OBJC_ISA_USAGE = YES_ERROR;
				CLANG_WARN_DOCUMENTATION_COMMENTS = YES;
				CLANG_WARN_EMPTY_BODY = YES;
				CLANG_WARN_ENUM_CONVERSION = YES;
				CLANG_WARN_INFINITE_RECURSION = YES;
				CLANG_WARN_INT_CONVERSION = YES;
				CLANG_WARN_NON_LITERAL_NULL_CONVERSION = YES;
				CLANG_WARN_OBJC_IMPLICIT_RETAIN_SELF = YES;
				CLANG_WARN_OBJC_LITERAL_CONVERSION = YES;
				CLANG_WARN_OBJC_ROOT_CLASS = YES_ERROR;
				CLANG_WARN_QUOTED_INCLUDE_IN_FRAMEWORK_HEADER = YES;
				CLANG_WARN_RANGE_LOOP_ANALYSIS = YES;
				CLANG_WARN_STRICT_PROTOTYPES = YES;
				CLANG_WARN_SUSPICIOUS_MOVE = YES;
				CLANG_WARN_UNGUARDED_AVAILABILITY = YES_AGGRESSIVE;
				CLANG_WARN_UNREACHABLE_CODE = YES;
				CLANG_WARN__DUPLICATE_METHOD_MATCH = YES;
				COPY_PHASE_STRIP = NO;
				DEBUG_INFORMATION_FORMAT = "dwarf-with-dsym";
				ENABLE_NS_ASSERTIONS = NO;
				ENABLE_STRICT_OBJC_MSGSEND = YES;
				GCC_C_LANGUAGE_STANDARD = gnu11;
				GCC_NO_COMMON_BLOCKS = YES;
				GCC_WARN_64_TO_32_BIT_CONVERSION = YES;
				GCC_WARN_ABOUT_RETURN_TYPE = YES_ERROR;
				GCC_WARN_UNDECLARED_SELECTOR = YES;
				GCC_WARN_UNINITIALIZED_AUTOS = YES_AGGRESSIVE;
				GCC_WARN_UNUSED_FUNCTION = YES;
				GCC_WARN_UNUSED_VARIABLE = YES;
				IPHONEOS_DEPLOYMENT_TARGET = 15.2;
				MTL_ENABLE_DEBUG_INFO = NO;
				MTL_FAST_MATH = YES;
				SDKROOT = iphoneos;
				SWIFT_COMPILATION_MODE = wholemodule;
				SWIFT_OPTIMIZATION_LEVEL = "-O";
				VALIDATE_PRODUCT = YES;
			};
			name = Release;
		};
		EA07E5C929334C64006CD6DF /* Debug */ = {
			isa = XCBuildConfiguration;
			baseConfigurationReference = A98848ED9F8329A91C37D45C /* Pods-Messenger.debug.xcconfig */;
			buildSettings = {
				ASSETCATALOG_COMPILER_APPICON_NAME = AppIcon;
				ASSETCATALOG_COMPILER_GLOBAL_ACCENT_COLOR_NAME = AccentColor;
				CODE_SIGN_ENTITLEMENTS = Messenger/Messenger.entitlements;
				CODE_SIGN_STYLE = Automatic;
				CURRENT_PROJECT_VERSION = 1;
				DEVELOPMENT_TEAM = 245CFNF5C7;
				GENERATE_INFOPLIST_FILE = YES;
				INFOPLIST_FILE = Messenger/Info.plist;
				INFOPLIST_KEY_NSCameraUsageDescription = "Please allow access to take a profile picture";
				INFOPLIST_KEY_NSPhotoLibraryAddUsageDescription = "Please allow access to select a photo for your profile";
				INFOPLIST_KEY_UIApplicationSupportsIndirectInputEvents = YES;
				INFOPLIST_KEY_UILaunchStoryboardName = LaunchScreen;
				INFOPLIST_KEY_UIMainStoryboardFile = Main;
				INFOPLIST_KEY_UISupportedInterfaceOrientations = UIInterfaceOrientationPortrait;
				INFOPLIST_KEY_UISupportedInterfaceOrientations_iPad = "UIInterfaceOrientationPortrait UIInterfaceOrientationPortraitUpsideDown UIInterfaceOrientationLandscapeLeft UIInterfaceOrientationLandscapeRight";
				INFOPLIST_KEY_UISupportedInterfaceOrientations_iPhone = "UIInterfaceOrientationPortrait UIInterfaceOrientationLandscapeLeft UIInterfaceOrientationLandscapeRight";
				IPHONEOS_DEPLOYMENT_TARGET = 13.0;
				LD_RUNPATH_SEARCH_PATHS = (
					"$(inherited)",
					"@executable_path/Frameworks",
				);
				MARKETING_VERSION = 1.0;
				PRODUCT_BUNDLE_IDENTIFIER = "ru.narzikulov-99-mail.Messenger";
				PRODUCT_NAME = "$(TARGET_NAME)";
				SWIFT_EMIT_LOC_STRINGS = YES;
				SWIFT_VERSION = 5.0;
				TARGETED_DEVICE_FAMILY = "1,2";
			};
			name = Debug;
		};
		EA07E5CA29334C64006CD6DF /* Release */ = {
			isa = XCBuildConfiguration;
			baseConfigurationReference = F5EC753ECE46E4B5CA8B274F /* Pods-Messenger.release.xcconfig */;
			buildSettings = {
				ASSETCATALOG_COMPILER_APPICON_NAME = AppIcon;
				ASSETCATALOG_COMPILER_GLOBAL_ACCENT_COLOR_NAME = AccentColor;
				CODE_SIGN_ENTITLEMENTS = Messenger/Messenger.entitlements;
				CODE_SIGN_STYLE = Automatic;
				CURRENT_PROJECT_VERSION = 1;
				DEVELOPMENT_TEAM = 245CFNF5C7;
				GENERATE_INFOPLIST_FILE = YES;
				INFOPLIST_FILE = Messenger/Info.plist;
				INFOPLIST_KEY_NSCameraUsageDescription = "Please allow access to take a profile picture";
				INFOPLIST_KEY_NSPhotoLibraryAddUsageDescription = "Please allow access to select a photo for your profile";
				INFOPLIST_KEY_UIApplicationSupportsIndirectInputEvents = YES;
				INFOPLIST_KEY_UILaunchStoryboardName = LaunchScreen;
				INFOPLIST_KEY_UIMainStoryboardFile = Main;
				INFOPLIST_KEY_UISupportedInterfaceOrientations = UIInterfaceOrientationPortrait;
				INFOPLIST_KEY_UISupportedInterfaceOrientations_iPad = "UIInterfaceOrientationPortrait UIInterfaceOrientationPortraitUpsideDown UIInterfaceOrientationLandscapeLeft UIInterfaceOrientationLandscapeRight";
				INFOPLIST_KEY_UISupportedInterfaceOrientations_iPhone = "UIInterfaceOrientationPortrait UIInterfaceOrientationLandscapeLeft UIInterfaceOrientationLandscapeRight";
				IPHONEOS_DEPLOYMENT_TARGET = 13.0;
				LD_RUNPATH_SEARCH_PATHS = (
					"$(inherited)",
					"@executable_path/Frameworks",
				);
				MARKETING_VERSION = 1.0;
				PRODUCT_BUNDLE_IDENTIFIER = "ru.narzikulov-99-mail.Messenger";
				PRODUCT_NAME = "$(TARGET_NAME)";
				SWIFT_EMIT_LOC_STRINGS = YES;
				SWIFT_VERSION = 5.0;
				TARGETED_DEVICE_FAMILY = "1,2";
			};
			name = Release;
		};
/* End XCBuildConfiguration section */

/* Begin XCConfigurationList section */
		EA07E5AF29334C63006CD6DF /* Build configuration list for PBXProject "Messenger" */ = {
			isa = XCConfigurationList;
			buildConfigurations = (
				EA07E5C629334C64006CD6DF /* Debug */,
				EA07E5C729334C64006CD6DF /* Release */,
			);
			defaultConfigurationIsVisible = 0;
			defaultConfigurationName = Release;
		};
		EA07E5C829334C64006CD6DF /* Build configuration list for PBXNativeTarget "Messenger" */ = {
			isa = XCConfigurationList;
			buildConfigurations = (
				EA07E5C929334C64006CD6DF /* Debug */,
				EA07E5CA29334C64006CD6DF /* Release */,
			);
			defaultConfigurationIsVisible = 0;
			defaultConfigurationName = Release;
		};
/* End XCConfigurationList section */
	};
	rootObject = EA07E5AC29334C63006CD6DF /* Project object */;
}
